
Microsoft Visual Studio Solution File, Format Version 12.00
# Visual Studio Version 16
VisualStudioVersion = 16.0.30413.136
MinimumVisualStudioVersion = 10.0.40219.1
Project("{FAE04EC0-301F-11D3-BF4B-00C04F79EFBC}") = "Week7Functions", "Week7Functions.csproj", "{2694E1B6-3E14-458E-BD99-8CDF136E86F1}"
EndProject
Project("{FAE04EC0-301F-11D3-BF4B-00C04F79EFBC}") = "Gender", "..\Gender\Gender.csproj", "{A150AFF6-B6CD-4A25-B6E0-D07A14470BA1}"
EndProject
Project("{FAE04EC0-301F-11D3-BF4B-00C04F79EFBC}") = "FunctionsReturn", "..\FunctionsReturn\FunctionsReturn.csproj", "{94714772-FDDC-483D-97C5-605494580893}"
EndProject
Global
	GlobalSection(SolutionConfigurationPlatforms) = preSolution
		Debug|Any CPU = Debug|Any CPU
		Release|Any CPU = Release|Any CPU
	EndGlobalSection
	GlobalSection(ProjectConfigurationPlatforms) = postSolution
		{2694E1B6-3E14-458E-BD99-8CDF136E86F1}.Debug|Any CPU.ActiveCfg = Debug|Any CPU
		{2694E1B6-3E14-458E-BD99-8CDF136E86F1}.Debug|Any CPU.Build.0 = Debug|Any CPU
		{2694E1B6-3E14-458E-BD99-8CDF136E86F1}.Release|Any CPU.ActiveCfg = Release|Any CPU
		{2694E1B6-3E14-458E-BD99-8CDF136E86F1}.Release|Any CPU.Build.0 = Release|Any CPU
		{A150AFF6-B6CD-4A25-B6E0-D07A14470BA1}.Debug|Any CPU.ActiveCfg = Debug|Any CPU
		{A150AFF6-B6CD-4A25-B6E0-D07A14470BA1}.Debug|Any CPU.Build.0 = Debug|Any CPU
		{A150AFF6-B6CD-4A25-B6E0-D07A14470BA1}.Release|Any CPU.ActiveCfg = Release|Any CPU
		{A150AFF6-B6CD-4A25-B6E0-D07A14470BA1}.Release|Any CPU.Build.0 = Release|Any CPU
		{94714772-FDDC-483D-97C5-605494580893}.Debug|Any CPU.ActiveCfg = Debug|Any CPU
		{94714772-FDDC-483D-97C5-605494580893}.Debug|Any CPU.Build.0 = Debug|Any CPU
		{94714772-FDDC-483D-97C5-605494580893}.Release|Any CPU.ActiveCfg = Release|Any CPU
		{94714772-FDDC-483D-97C5-605494580893}.Release|Any CPU.Build.0 = Release|Any CPU
	EndGlobalSection
	GlobalSection(SolutionProperties) = preSolution
		HideSolutionNode = FALSE
	EndGlobalSection
	GlobalSection(ExtensibilityGlobals) = postSolution
		SolutionGuid = {5D721501-3C5D-4E84-9C57-53816AD256C0}
	EndGlobalSection
EndGlobal
